// !$*UTF8*$!
{
	archiveVersion = 1;
	classes = {
	};
	objectVersion = 46;
	objects = {

/* Begin PBXBuildFile section */
		FD7B49F71DDD4A1B00B248E7 /* AppDelegate.swift in Sources */ = {isa = PBXBuildFile; fileRef = FD7B49F61DDD4A1B00B248E7 /* AppDelegate.swift */; };
		FD7B49F91DDD4A1B00B248E7 /* ViewController.swift in Sources */ = {isa = PBXBuildFile; fileRef = FD7B49F81DDD4A1B00B248E7 /* ViewController.swift */; };
		FD7B49FC1DDD4A1B00B248E7 /* Main.storyboard in Resources */ = {isa = PBXBuildFile; fileRef = FD7B49FA1DDD4A1B00B248E7 /* Main.storyboard */; };
		FD7B49FE1DDD4A1B00B248E7 /* Assets.xcassets in Resources */ = {isa = PBXBuildFile; fileRef = FD7B49FD1DDD4A1B00B248E7 /* Assets.xcassets */; };
		FD7B4A011DDD4A1B00B248E7 /* LaunchScreen.storyboard in Resources */ = {isa = PBXBuildFile; fileRef = FD7B49FF1DDD4A1B00B248E7 /* LaunchScreen.storyboard */; };
		FD7B4A0A1DDD4A3300B248E7 /* LXFPageViewController.swift in Sources */ = {isa = PBXBuildFile; fileRef = FD7B4A091DDD4A3300B248E7 /* LXFPageViewController.swift */; };
/* End PBXBuildFile section */

/* Begin PBXFileReference section */
		FD7B49F31DDD4A1B00B248E7 /* LXFPageViewControllerDemo.app */ = {isa = PBXFileReference; explicitFileType = wrapper.application; includeInIndex = 0; path = LXFPageViewControllerDemo.app; sourceTree = BUILT_PRODUCTS_DIR; };
		FD7B49F61DDD4A1B00B248E7 /* AppDelegate.swift */ = {isa = PBXFileReference; lastKnownFileType = sourcecode.swift; path = AppDelegate.swift; sourceTree = "<group>"; };
		FD7B49F81DDD4A1B00B248E7 /* ViewController.swift */ = {isa = PBXFileReference; lastKnownFileType = sourcecode.swift; path = ViewController.swift; sourceTree = "<group>"; };
		FD7B49FB1DDD4A1B00B248E7 /* Base */ = {isa = PBXFileReference; lastKnownFileType = file.storyboard; name = Base; path = Base.lproj/Main.storyboard; sourceTree = "<group>"; };
		FD7B49FD1DDD4A1B00B248E7 /* Assets.xcassets */ = {isa = PBXFileReference; lastKnownFileType = folder.assetcatalog; path = Assets.xcassets; sourceTree = "<group>"; };
		FD7B4A001DDD4A1B00B248E7 /* Base */ = {isa = PBXFileReference; lastKnownFileType = file.storyboard; name = Base; path = Base.lproj/LaunchScreen.storyboard; sourceTree = "<group>"; };
		FD7B4A021DDD4A1B00B248E7 /* Info.plist */ = {isa = PBXFileReference; lastKnownFileType = text.plist.xml; path = Info.plist; sourceTree = "<group>"; };
		FD7B4A091DDD4A3300B248E7 /* LXFPageViewController.swift */ = {isa = PBXFileReference; fileEncoding = 4; lastKnownFileType = sourcecode.swift; path = LXFPageViewController.swift; sourceTree = "<group>"; };
/* End PBXFileReference section */

/* Begin PBXFrameworksBuildPhase section */
		FD7B49F01DDD4A1B00B248E7 /* Frameworks */ = {
			isa = PBXFrameworksBuildPhase;
			buildActionMask = 2147483647;
			files = (
			);
			runOnlyForDeploymentPostprocessing = 0;
		};
/* End PBXFrameworksBuildPhase section */

/* Begin PBXGroup section */
		FD7B49EA1DDD4A1B00B248E7 = {
			isa = PBXGroup;
			children = (
				FD7B49F51DDD4A1B00B248E7 /* LXFPageViewControllerDemo */,
				FD7B49F41DDD4A1B00B248E7 /* Products */,
			);
			sourceTree = "<group>";
		};
		FD7B49F41DDD4A1B00B248E7 /* Products */ = {
			isa = PBXGroup;
			children = (
				FD7B49F31DDD4A1B00B248E7 /* LXFPageViewControllerDemo.app */,
			);
			name = Products;
			sourceTree = "<group>";
		};
		FD7B49F51DDD4A1B00B248E7 /* LXFPageViewControllerDemo */ = {
			isa = PBXGroup;
			children = (
				FD7B4A081DDD4A3300B248E7 /* LXFPageViewController */,
				FD7B49F61DDD4A1B00B248E7 /* AppDelegate.swift */,
				FD7B49F81DDD4A1B00B248E7 /* ViewController.swift */,
				FD7B49FA1DDD4A1B00B248E7 /* Main.storyboard */,
				FD7B49FD1DDD4A1B00B248E7 /* Assets.xcassets */,
				FD7B49FF1DDD4A1B00B248E7 /* LaunchScreen.storyboard */,
				FD7B4A021DDD4A1B00B248E7 /* Info.plist */,
			);
			path = LXFPageViewControllerDemo;
			sourceTree = "<group>";
		};
		FD7B4A081DDD4A3300B248E7 /* LXFPageViewController */ = {
			isa = PBXGroup;
			children = (
				FD7B4A091DDD4A3300B248E7 /* LXFPageViewController.swift */,
			);
			path = LXFPageViewController;
			sourceTree = "<group>";
		};
/* End PBXGroup section */

/* Begin PBXNativeTarget section */
		FD7B49F21DDD4A1B00B248E7 /* LXFPageViewControllerDemo */ = {
			isa = PBXNativeTarget;
			buildConfigurationList = FD7B4A051DDD4A1B00B248E7 /* Build configuration list for PBXNativeTarget "LXFPageViewControllerDemo" */;
			buildPhases = (
				FD7B49EF1DDD4A1B00B248E7 /* Sources */,
				FD7B49F01DDD4A1B00B248E7 /* Frameworks */,
				FD7B49F11DDD4A1B00B248E7 /* Resources */,
			);
			buildRules = (
			);
			dependencies = (
			);
			name = LXFPageViewControllerDemo;
			productName = LXFPageViewControllerDemo;
			productReference = FD7B49F31DDD4A1B00B248E7 /* LXFPageViewControllerDemo.app */;
			productType = "com.apple.product-type.application";
		};
/* End PBXNativeTarget section */

/* Begin PBXProject section */
		FD7B49EB1DDD4A1B00B248E7 /* Project object */ = {
			isa = PBXProject;
			attributes = {
				LastSwiftUpdateCheck = 0800;
				LastUpgradeCheck = 0800;
				ORGANIZATIONNAME = LXF;
				TargetAttributes = {
					FD7B49F21DDD4A1B00B248E7 = {
						CreatedOnToolsVersion = 8.0;
						DevelopmentTeam = 737663D98K;
						ProvisioningStyle = Automatic;
					};
				};
			};
			buildConfigurationList = FD7B49EE1DDD4A1B00B248E7 /* Build configuration list for PBXProject "LXFPageViewControllerDemo" */;
			compatibilityVersion = "Xcode 3.2";
			developmentRegion = English;
			hasScannedForEncodings = 0;
			knownRegions = (
				en,
				Base,
			);
			mainGroup = FD7B49EA1DDD4A1B00B248E7;
			productRefGroup = FD7B49F41DDD4A1B00B248E7 /* Products */;
			projectDirPath = "";
			projectRoot = "";
			targets = (
				FD7B49F21DDD4A1B00B248E7 /* LXFPageViewControllerDemo */,
			);
		};
/* End PBXProject section */

/* Begin PBXResourcesBuildPhase section */
		FD7B49F11DDD4A1B00B248E7 /* Resources */ = {
			isa = PBXResourcesBuildPhase;
			buildActionMask = 2147483647;
			files = (
				FD7B4A011DDD4A1B00B248E7 /* LaunchScreen.storyboard in Resources */,
				FD7B49FE1DDD4A1B00B248E7 /* Assets.xcassets in Resources */,
				FD7B49FC1DDD4A1B00B248E7 /* Main.storyboard in Resources */,
			);
			runOnlyForDeploymentPostprocessing = 0;
		};
/* End PBXResourcesBuildPhase section */

/* Begin PBXSourcesBuildPhase section */
		FD7B49EF1DDD4A1B00B248E7 /* Sources */ = {
			isa = PBXSourcesBuildPhase;
			buildActionMask = 2147483647;
			files = (
				FD7B4A0A1DDD4A3300B248E7 /* LXFPageViewController.swift in Sources */,
				FD7B49F91DDD4A1B00B248E7 /* ViewController.swift in Sources */,
				FD7B49F71DDD4A1B00B248E7 /* AppDelegate.swift in Sources */,
			);
			runOnlyForDeploymentPostprocessing = 0;
		};
/* End PBXSourcesBuildPhase section */

/* Begin PBXVariantGroup section */
		FD7B49FA1DDD4A1B00B248E7 /* Main.storyboard */ = {
			isa = PBXVariantGroup;
			children = (
				FD7B49FB1DDD4A1B00B248E7 /* Base */,
			);
			name = Main.storyboard;
			sourceTree = "<group>";
		};
		FD7B49FF1DDD4A1B00B248E7 /* LaunchScreen.storyboard */ = {
			isa = PBXVariantGroup;
			children = (
				FD7B4A001DDD4A1B00B248E7 /* Base */,
			);
			name = LaunchScreen.storyboard;
			sourceTree = "<group>";
		};
/* End PBXVariantGroup section */

/* Begin XCBuildConfiguration section */
		FD7B4A031DDD4A1B00B248E7 /* Debug */ = {
			isa = XCBuildConfiguration;
			buildSettings = {
				ALWAYS_SEARCH_USER_PATHS = NO;
				CLANG_ANALYZER_NONNULL = YES;
				CLANG_CXX_LANGUAGE_STANDARD = "gnu++0x";
				CLANG_CXX_LIBRARY = "libc++";
				CLANG_ENABLE_MODULES = YES;
				CLANG_ENABLE_OBJC_ARC = YES;
				CLANG_WARN_BOOL_CONVERSION = YES;
				CLANG_WARN_CONSTANT_CONVERSION = YES;
				CLANG_WARN_DIRECT_OBJC_ISA_USAGE = YES_ERROR;
				CLANG_WARN_DOCUMENTATION_COMMENTS = YES;
				CLANG_WARN_EMPTY_BODY = YES;
				CLANG_WARN_ENUM_CONVERSION = YES;
				CLANG_WARN_INFINITE_RECURSION = YES;
				CLANG_WARN_INT_CONVERSION = YES;
				CLANG_WARN_OBJC_ROOT_CLASS = YES_ERROR;
				CLANG_WARN_SUSPICIOUS_MOVES = YES;
				CLANG_WARN_UNREACHABLE_CODE = YES;
				CLANG_WARN__DUPLICATE_METHOD_MATCH = YES;
				"CODE_SIGN_IDENTITY[sdk=iphoneos*]" = "iPhone Developer";
				COPY_PHASE_STRIP = NO;
				DEBUG_INFORMATION_FORMAT = dwarf;
				ENABLE_STRICT_OBJC_MSGSEND = YES;
				ENABLE_TESTABILITY = YES;
				GCC_C_LANGUAGE_STANDARD = gnu99;
				GCC_DYNAMIC_NO_PIC = NO;
				GCC_NO_COMMON_BLOCKS = YES;
				GCC_OPTIMIZATION_LEVEL = 0;
				GCC_PREPROCESSOR_DEFINITIONS = (
					"DEBUG=1",
					"$(inherited)",
				);
				GCC_WARN_64_TO_32_BIT_CONVERSION = YES;
				GCC_WARN_ABOUT_RETURN_TYPE = YES_ERROR;
				GCC_WARN_UNDECLARED_SELECTOR = YES;
				GCC_WARN_UNINITIALIZED_AUTOS = YES_AGGRESSIVE;
				GCC_WARN_UNUSED_FUNCTION = YES;
				GCC_WARN_UNUSED_VARIABLE = YES;
				IPHONEOS_DEPLOYMENT_TARGET = 10.0;
				MTL_ENABLE_DEBUG_INFO = YES;
				ONLY_ACTIVE_ARCH = YES;
				SDKROOT = iphoneos;
				SWIFT_ACTIVE_COMPILATION_CONDITIONS = DEBUG;
				SWIFT_OPTIMIZATION_LEVEL = "-Onone";
			};
			name = Debug;
		};
		FD7B4A041DDD4A1B00B248E7 /* Release */ = {
			isa = XCBuildConfiguration;
			buildSettings = {
				ALWAYS_SEARCH_USER_PATHS = NO;
				CLANG_ANALYZER_NONNULL = YES;
				CLANG_CXX_LANGUAGE_STANDARD = "gnu++0x";
				CLANG_CXX_LIBRARY = "libc++";
				CLANG_ENABLE_MODULES = YES;
				CLANG_ENABLE_OBJC_ARC = YES;
				CLANG_WARN_BOOL_CONVERSION = YES;
				CLANG_WARN_CONSTANT_CONVERSION = YES;
				CLANG_WARN_DIRECT_OBJC_ISA_USAGE = YES_ERROR;
				CLANG_WARN_DOCUMENTATION_COMMENTS = YES;
				CLANG_WARN_EMPTY_BODY = YES;
				CLANG_WARN_ENUM_CONVERSION = YES;
				CLANG_WARN_INFINITE_RECURSION = YES;
				CLANG_WARN_INT_CONVERSION = YES;
				CLANG_WARN_OBJC_ROOT_CLASS = YES_ERROR;
				CLANG_WARN_SUSPICIOUS_MOVES = YES;
				CLANG_WARN_UNREACHABLE_CODE = YES;
				CLANG_WARN__DUPLICATE_METHOD_MATCH = YES;
				"CODE_SIGN_IDENTITY[sdk=iphoneos*]" = "iPhone Developer";
				COPY_PHASE_STRIP = NO;
				DEBUG_INFORMATION_FORMAT = "dwarf-with-dsym";
				ENABLE_NS_ASSERTIONS = NO;
				ENABLE_STRICT_OBJC_MSGSEND = YES;
				GCC_C_LANGUAGE_STANDARD = gnu99;
				GCC_NO_COMMON_BLOCKS = YES;
				GCC_WARN_64_TO_32_BIT_CONVERSION = YES;
				GCC_WARN_ABOUT_RETURN_TYPE = YES_ERROR;
				GCC_WARN_UNDECLARED_SELECTOR = YES;
				GCC_WARN_UNINITIALIZED_AUTOS = YES_AGGRESSIVE;
				GCC_WARN_UNUSED_FUNCTION = YES;
				GCC_WARN_UNUSED_VARIABLE = YES;
				IPHONEOS_DEPLOYMENT_TARGET = 10.0;
				MTL_ENABLE_DEBUG_INFO = NO;
				SDKROOT = iphoneos;
				SWIFT_OPTIMIZATION_LEVEL = "-Owholemodule";
				VALIDATE_PRODUCT = YES;
			};
			name = Release;
		};
		FD7B4A061DDD4A1B00B248E7 /* Debug */ = {
			isa = XCBuildConfiguration;
			buildSettings = {
				ASSETCATALOG_COMPILER_APPICON_NAME = AppIcon;
				DEVELOPMENT_TEAM = 737663D98K;
				INFOPLIST_FILE = LXFPageViewControllerDemo/Info.plist;
				LD_RUNPATH_SEARCH_PATHS = "$(inherited) @executable_path/Frameworks";
				PRODUCT_BUNDLE_IDENTIFIER = com.LXF.LXFPageViewControllerDemo;
				PRODUCT_NAME = "$(TARGET_NAME)";
				SWIFT_VERSION = 3.0;
			};
			name = Debug;
		};
		FD7B4A071DDD4A1B00B248E7 /* Release */ = {
			isa = XCBuildConfiguration;
			buildSettings = {
				ASSETCATALOG_COMPILER_APPICON_NAME = AppIcon;
				DEVELOPMENT_TEAM = 737663D98K;
				INFOPLIST_FILE = LXFPageViewControllerDemo/Info.plist;
				LD_RUNPATH_SEARCH_PATHS = "$(inherited) @executable_path/Frameworks";
				PRODUCT_BUNDLE_IDENTIFIER = com.LXF.LXFPageViewControllerDemo;
				PRODUCT_NAME = "$(TARGET_NAME)";
				SWIFT_VERSION = 3.0;
			};
			name = Release;
		};
/* End XCBuildConfiguration section */

/* Begin XCConfigurationList section */
		FD7B49EE1DDD4A1B00B248E7 /* Build configuration list for PBXProject "LXFPageViewControllerDemo" */ = {
			isa = XCConfigurationList;
			buildConfigurations = (
				FD7B4A031DDD4A1B00B248E7 /* Debug */,
				FD7B4A041DDD4A1B00B248E7 /* Release */,
			);
			defaultConfigurationIsVisible = 0;
			defaultConfigurationName = Release;
		};
		FD7B4A051DDD4A1B00B248E7 /* Build configuration list for PBXNativeTarget "LXFPageViewControllerDemo" */ = {
			isa = XCConfigurationList;
			buildConfigurations = (
				FD7B4A061DDD4A1B00B248E7 /* Debug */,
				FD7B4A071DDD4A1B00B248E7 /* Release */,
			);
			defaultConfigurationIsVisible = 0;
		};
/* End XCConfigurationList section */
	};
	rootObject = FD7B49EB1DDD4A1B00B248E7 /* Project object */;
}
